
Microsoft Visual Studio Solution File, Format Version 12.00
# Visual Studio Version 17
VisualStudioVersion = 17.6.33815.320
MinimumVisualStudioVersion = 10.0.40219.1
Project("{FAE04EC0-301F-11D3-BF4B-00C04F79EFBC}") = "WebApiNomina", "WebApiNomina\WebApiNomina.csproj", "{AD87009F-3F27-4E03-9E3B-C232DF875BC4}"
EndProject
Global
	GlobalSection(SolutionConfigurationPlatforms) = preSolution
		Debug|Any CPU = Debug|Any CPU
		Release|Any CPU = Release|Any CPU
	EndGlobalSection
	GlobalSection(ProjectConfigurationPlatforms) = postSolution
		{AD87009F-3F27-4E03-9E3B-C232DF875BC4}.Debug|Any CPU.ActiveCfg = Debug|Any CPU
		{AD87009F-3F27-4E03-9E3B-C232DF875BC4}.Debug|Any CPU.Build.0 = Debug|Any CPU
		{AD87009F-3F27-4E03-9E3B-C232DF875BC4}.Release|Any CPU.ActiveCfg = Release|Any CPU
		{AD87009F-3F27-4E03-9E3B-C232DF875BC4}.Release|Any CPU.Build.0 = Release|Any CPU
	EndGlobalSection
	GlobalSection(SolutionProperties) = preSolution
		HideSolutionNode = FALSE
	EndGlobalSection
	GlobalSection(ExtensibilityGlobals) = postSolution
		SolutionGuid = {CEBC22B3-AC99-451C-A447-96001552E955}
	EndGlobalSection
EndGlobal
